// !$*UTF8*$!
{
	archiveVersion = 1;
	classes = {
	};
	objectVersion = 55;
	objects = {

/* Begin PBXBuildFile section */
		B0162CE2295E8B4F00BE6C96 /* AppDelegate.swift in Sources */ = {isa = PBXBuildFile; fileRef = B0162CE1295E8B4F00BE6C96 /* AppDelegate.swift */; };
		B0162CE4295E8B4F00BE6C96 /* SceneDelegate.swift in Sources */ = {isa = PBXBuildFile; fileRef = B0162CE3295E8B4F00BE6C96 /* SceneDelegate.swift */; };
		B0162CE6295E8B4F00BE6C96 /* ViewController.swift in Sources */ = {isa = PBXBuildFile; fileRef = B0162CE5295E8B4F00BE6C96 /* ViewController.swift */; };
		B0162CE9295E8B4F00BE6C96 /* Main.storyboard in Resources */ = {isa = PBXBuildFile; fileRef = B0162CE7295E8B4F00BE6C96 /* Main.storyboard */; };
		B0162CEB295E8B5100BE6C96 /* Assets.xcassets in Resources */ = {isa = PBXBuildFile; fileRef = B0162CEA295E8B5100BE6C96 /* Assets.xcassets */; };
		B0162CEE295E8B5100BE6C96 /* LaunchScreen.storyboard in Resources */ = {isa = PBXBuildFile; fileRef = B0162CEC295E8B5100BE6C96 /* LaunchScreen.storyboard */; };
		B0162CF9295E8B5100BE6C96 /* RickAndMortyTests.swift in Sources */ = {isa = PBXBuildFile; fileRef = B0162CF8295E8B5100BE6C96 /* RickAndMortyTests.swift */; };
		B0162D03295E8B5100BE6C96 /* RickAndMortyUITests.swift in Sources */ = {isa = PBXBuildFile; fileRef = B0162D02295E8B5100BE6C96 /* RickAndMortyUITests.swift */; };
		B0162D05295E8B5100BE6C96 /* RickAndMortyUITestsLaunchTests.swift in Sources */ = {isa = PBXBuildFile; fileRef = B0162D04295E8B5100BE6C96 /* RickAndMortyUITestsLaunchTests.swift */; };
		B03F1BAB295E91FE008B77E8 /* CharacterService.swift in Sources */ = {isa = PBXBuildFile; fileRef = B03F1BAA295E91FE008B77E8 /* CharacterService.swift */; };
		B03F1BAD295E9E90008B77E8 /* CharacterServiceTests.swift in Sources */ = {isa = PBXBuildFile; fileRef = B03F1BAC295E9E90008B77E8 /* CharacterServiceTests.swift */; };
		B03F1BAF295EA030008B77E8 /* BaseService.swift in Sources */ = {isa = PBXBuildFile; fileRef = B03F1BAE295EA030008B77E8 /* BaseService.swift */; };
		B03F1BB2295EA149008B77E8 /* Character.swift in Sources */ = {isa = PBXBuildFile; fileRef = B03F1BB1295EA149008B77E8 /* Character.swift */; };
		B03F1BB5295EA17E008B77E8 /* Common.swift in Sources */ = {isa = PBXBuildFile; fileRef = B03F1BB4295EA17E008B77E8 /* Common.swift */; };
		B03F1BB8295EB466008B77E8 /* URLSessionRequest.swift in Sources */ = {isa = PBXBuildFile; fileRef = B03F1BB7295EB466008B77E8 /* URLSessionRequest.swift */; };
		B03F1BBA295EBE6C008B77E8 /* Info.swift in Sources */ = {isa = PBXBuildFile; fileRef = B03F1BB9295EBE6C008B77E8 /* Info.swift */; };
		B0504A0629616EE200FC203E /* FilterViewViewController.swift in Sources */ = {isa = PBXBuildFile; fileRef = B0504A0529616EE200FC203E /* FilterViewViewController.swift */; };
		B0CFB88E295EE1D9004AF205 /* CharacterCell.swift in Sources */ = {isa = PBXBuildFile; fileRef = B0CFB88D295EE1D9004AF205 /* CharacterCell.swift */; };
		B0CFB892295EF152004AF205 /* CharacterViewModel.swift in Sources */ = {isa = PBXBuildFile; fileRef = B0CFB891295EF152004AF205 /* CharacterViewModel.swift */; };
		B0CFB894295EF1C3004AF205 /* CharacterModel.swift in Sources */ = {isa = PBXBuildFile; fileRef = B0CFB893295EF1C3004AF205 /* CharacterModel.swift */; };
		B0CFB896295EFC6D004AF205 /* CharacterViewModelTests.swift in Sources */ = {isa = PBXBuildFile; fileRef = B0CFB895295EFC6D004AF205 /* CharacterViewModelTests.swift */; };
		B0F0B95A2961899600DEFC18 /* CharacterFilterViewModel.swift in Sources */ = {isa = PBXBuildFile; fileRef = B0F0B9592961899600DEFC18 /* CharacterFilterViewModel.swift */; };
		B0F0B9622961BA6200DEFC18 /* FilterCell.swift in Sources */ = {isa = PBXBuildFile; fileRef = B0F0B9612961BA6200DEFC18 /* FilterCell.swift */; };
		B0F0B96429627FCE00DEFC18 /* CharacterDetailsViewController.swift in Sources */ = {isa = PBXBuildFile; fileRef = B0F0B96329627FCE00DEFC18 /* CharacterDetailsViewController.swift */; };
		B0F0B966296286BE00DEFC18 /* CharacterDetail.swift in Sources */ = {isa = PBXBuildFile; fileRef = B0F0B965296286BE00DEFC18 /* CharacterDetail.swift */; };
		B0F0B9682962A15500DEFC18 /* TableCell.swift in Sources */ = {isa = PBXBuildFile; fileRef = B0F0B9672962A15500DEFC18 /* TableCell.swift */; };
		B0F0B96E2962B40300DEFC18 /* LocationViewController.swift in Sources */ = {isa = PBXBuildFile; fileRef = B0F0B96D2962B40300DEFC18 /* LocationViewController.swift */; };
		B0F0B9712962B48600DEFC18 /* LocationViewModel.swift in Sources */ = {isa = PBXBuildFile; fileRef = B0F0B9702962B48600DEFC18 /* LocationViewModel.swift */; };
		B0F0B9742962B54900DEFC18 /* Location.swift in Sources */ = {isa = PBXBuildFile; fileRef = B0F0B9732962B54900DEFC18 /* Location.swift */; };
		B0F0B9762962B5DC00DEFC18 /* LocationModel.swift in Sources */ = {isa = PBXBuildFile; fileRef = B0F0B9752962B5DC00DEFC18 /* LocationModel.swift */; };
		B0F0B9782962B61800DEFC18 /* LocationDetail.swift in Sources */ = {isa = PBXBuildFile; fileRef = B0F0B9772962B61800DEFC18 /* LocationDetail.swift */; };
		B0F0B97A2962B66D00DEFC18 /* LocationService.swift in Sources */ = {isa = PBXBuildFile; fileRef = B0F0B9792962B66D00DEFC18 /* LocationService.swift */; };
		B0F0B97C2962B95A00DEFC18 /* LocationCell.swift in Sources */ = {isa = PBXBuildFile; fileRef = B0F0B97B2962B95A00DEFC18 /* LocationCell.swift */; };
		B0F0B97E2962C16C00DEFC18 /* Extension.swift in Sources */ = {isa = PBXBuildFile; fileRef = B0F0B97D2962C16C00DEFC18 /* Extension.swift */; };
/* End PBXBuildFile section */

/* Begin PBXContainerItemProxy section */
		B0162CF5295E8B5100BE6C96 /* PBXContainerItemProxy */ = {
			isa = PBXContainerItemProxy;
			containerPortal = B0162CD6295E8B4F00BE6C96 /* Project object */;
			proxyType = 1;
			remoteGlobalIDString = B0162CDD295E8B4F00BE6C96;
			remoteInfo = RickAndMorty;
		};
		B0162CFF295E8B5100BE6C96 /* PBXContainerItemProxy */ = {
			isa = PBXContainerItemProxy;
			containerPortal = B0162CD6295E8B4F00BE6C96 /* Project object */;
			proxyType = 1;
			remoteGlobalIDString = B0162CDD295E8B4F00BE6C96;
			remoteInfo = RickAndMorty;
		};
/* End PBXContainerItemProxy section */

/* Begin PBXFileReference section */
		B0162CDE295E8B4F00BE6C96 /* RickAndMorty.app */ = {isa = PBXFileReference; explicitFileType = wrapper.application; includeInIndex = 0; path = RickAndMorty.app; sourceTree = BUILT_PRODUCTS_DIR; };
		B0162CE1295E8B4F00BE6C96 /* AppDelegate.swift */ = {isa = PBXFileReference; lastKnownFileType = sourcecode.swift; path = AppDelegate.swift; sourceTree = "<group>"; };
		B0162CE3295E8B4F00BE6C96 /* SceneDelegate.swift */ = {isa = PBXFileReference; lastKnownFileType = sourcecode.swift; path = SceneDelegate.swift; sourceTree = "<group>"; };
		B0162CE5295E8B4F00BE6C96 /* ViewController.swift */ = {isa = PBXFileReference; lastKnownFileType = sourcecode.swift; path = ViewController.swift; sourceTree = "<group>"; };
		B0162CE8295E8B4F00BE6C96 /* Base */ = {isa = PBXFileReference; lastKnownFileType = file.storyboard; name = Base; path = Base.lproj/Main.storyboard; sourceTree = "<group>"; };
		B0162CEA295E8B5100BE6C96 /* Assets.xcassets */ = {isa = PBXFileReference; lastKnownFileType = folder.assetcatalog; path = Assets.xcassets; sourceTree = "<group>"; };
		B0162CED295E8B5100BE6C96 /* Base */ = {isa = PBXFileReference; lastKnownFileType = file.storyboard; name = Base; path = Base.lproj/LaunchScreen.storyboard; sourceTree = "<group>"; };
		B0162CEF295E8B5100BE6C96 /* Info.plist */ = {isa = PBXFileReference; lastKnownFileType = text.plist.xml; path = Info.plist; sourceTree = "<group>"; };
		B0162CF4295E8B5100BE6C96 /* RickAndMortyTests.xctest */ = {isa = PBXFileReference; explicitFileType = wrapper.cfbundle; includeInIndex = 0; path = RickAndMortyTests.xctest; sourceTree = BUILT_PRODUCTS_DIR; };
		B0162CF8295E8B5100BE6C96 /* RickAndMortyTests.swift */ = {isa = PBXFileReference; lastKnownFileType = sourcecode.swift; path = RickAndMortyTests.swift; sourceTree = "<group>"; };
		B0162CFE295E8B5100BE6C96 /* RickAndMortyUITests.xctest */ = {isa = PBXFileReference; explicitFileType = wrapper.cfbundle; includeInIndex = 0; path = RickAndMortyUITests.xctest; sourceTree = BUILT_PRODUCTS_DIR; };
		B0162D02295E8B5100BE6C96 /* RickAndMortyUITests.swift */ = {isa = PBXFileReference; lastKnownFileType = sourcecode.swift; path = RickAndMortyUITests.swift; sourceTree = "<group>"; };
		B0162D04295E8B5100BE6C96 /* RickAndMortyUITestsLaunchTests.swift */ = {isa = PBXFileReference; lastKnownFileType = sourcecode.swift; path = RickAndMortyUITestsLaunchTests.swift; sourceTree = "<group>"; };
		B03F1BAA295E91FE008B77E8 /* CharacterService.swift */ = {isa = PBXFileReference; lastKnownFileType = sourcecode.swift; path = CharacterService.swift; sourceTree = "<group>"; };
		B03F1BAC295E9E90008B77E8 /* CharacterServiceTests.swift */ = {isa = PBXFileReference; lastKnownFileType = sourcecode.swift; path = CharacterServiceTests.swift; sourceTree = "<group>"; };
		B03F1BAE295EA030008B77E8 /* BaseService.swift */ = {isa = PBXFileReference; lastKnownFileType = sourcecode.swift; path = BaseService.swift; sourceTree = "<group>"; };
		B03F1BB1295EA149008B77E8 /* Character.swift */ = {isa = PBXFileReference; lastKnownFileType = sourcecode.swift; path = Character.swift; sourceTree = "<group>"; };
		B03F1BB4295EA17E008B77E8 /* Common.swift */ = {isa = PBXFileReference; lastKnownFileType = sourcecode.swift; path = Common.swift; sourceTree = "<group>"; };
		B03F1BB7295EB466008B77E8 /* URLSessionRequest.swift */ = {isa = PBXFileReference; lastKnownFileType = sourcecode.swift; path = URLSessionRequest.swift; sourceTree = "<group>"; };
		B03F1BB9295EBE6C008B77E8 /* Info.swift */ = {isa = PBXFileReference; lastKnownFileType = sourcecode.swift; path = Info.swift; sourceTree = "<group>"; };
		B0504A0529616EE200FC203E /* FilterViewViewController.swift */ = {isa = PBXFileReference; lastKnownFileType = sourcecode.swift; path = FilterViewViewController.swift; sourceTree = "<group>"; };
		B0CFB88D295EE1D9004AF205 /* CharacterCell.swift */ = {isa = PBXFileReference; lastKnownFileType = sourcecode.swift; path = CharacterCell.swift; sourceTree = "<group>"; };
		B0CFB891295EF152004AF205 /* CharacterViewModel.swift */ = {isa = PBXFileReference; lastKnownFileType = sourcecode.swift; path = CharacterViewModel.swift; sourceTree = "<group>"; };
		B0CFB893295EF1C3004AF205 /* CharacterModel.swift */ = {isa = PBXFileReference; lastKnownFileType = sourcecode.swift; path = CharacterModel.swift; sourceTree = "<group>"; };
		B0CFB895295EFC6D004AF205 /* CharacterViewModelTests.swift */ = {isa = PBXFileReference; lastKnownFileType = sourcecode.swift; path = CharacterViewModelTests.swift; sourceTree = "<group>"; };
		B0F0B9592961899600DEFC18 /* CharacterFilterViewModel.swift */ = {isa = PBXFileReference; lastKnownFileType = sourcecode.swift; path = CharacterFilterViewModel.swift; sourceTree = "<group>"; };
		B0F0B9612961BA6200DEFC18 /* FilterCell.swift */ = {isa = PBXFileReference; lastKnownFileType = sourcecode.swift; path = FilterCell.swift; sourceTree = "<group>"; };
		B0F0B96329627FCE00DEFC18 /* CharacterDetailsViewController.swift */ = {isa = PBXFileReference; lastKnownFileType = sourcecode.swift; path = CharacterDetailsViewController.swift; sourceTree = "<group>"; };
		B0F0B965296286BE00DEFC18 /* CharacterDetail.swift */ = {isa = PBXFileReference; lastKnownFileType = sourcecode.swift; path = CharacterDetail.swift; sourceTree = "<group>"; };
		B0F0B9672962A15500DEFC18 /* TableCell.swift */ = {isa = PBXFileReference; lastKnownFileType = sourcecode.swift; path = TableCell.swift; sourceTree = "<group>"; };
		B0F0B96D2962B40300DEFC18 /* LocationViewController.swift */ = {isa = PBXFileReference; lastKnownFileType = sourcecode.swift; path = LocationViewController.swift; sourceTree = "<group>"; };
		B0F0B9702962B48600DEFC18 /* LocationViewModel.swift */ = {isa = PBXFileReference; lastKnownFileType = sourcecode.swift; path = LocationViewModel.swift; sourceTree = "<group>"; };
		B0F0B9732962B54900DEFC18 /* Location.swift */ = {isa = PBXFileReference; lastKnownFileType = sourcecode.swift; path = Location.swift; sourceTree = "<group>"; };
		B0F0B9752962B5DC00DEFC18 /* LocationModel.swift */ = {isa = PBXFileReference; lastKnownFileType = sourcecode.swift; path = LocationModel.swift; sourceTree = "<group>"; };
		B0F0B9772962B61800DEFC18 /* LocationDetail.swift */ = {isa = PBXFileReference; lastKnownFileType = sourcecode.swift; path = LocationDetail.swift; sourceTree = "<group>"; };
		B0F0B9792962B66D00DEFC18 /* LocationService.swift */ = {isa = PBXFileReference; lastKnownFileType = sourcecode.swift; path = LocationService.swift; sourceTree = "<group>"; };
		B0F0B97B2962B95A00DEFC18 /* LocationCell.swift */ = {isa = PBXFileReference; lastKnownFileType = sourcecode.swift; path = LocationCell.swift; sourceTree = "<group>"; };
		B0F0B97D2962C16C00DEFC18 /* Extension.swift */ = {isa = PBXFileReference; lastKnownFileType = sourcecode.swift; path = Extension.swift; sourceTree = "<group>"; };
/* End PBXFileReference section */

/* Begin PBXFrameworksBuildPhase section */
		B0162CDB295E8B4F00BE6C96 /* Frameworks */ = {
			isa = PBXFrameworksBuildPhase;
			buildActionMask = 2147483647;
			files = (
			);
			runOnlyForDeploymentPostprocessing = 0;
		};
		B0162CF1295E8B5100BE6C96 /* Frameworks */ = {
			isa = PBXFrameworksBuildPhase;
			buildActionMask = 2147483647;
			files = (
			);
			runOnlyForDeploymentPostprocessing = 0;
		};
		B0162CFB295E8B5100BE6C96 /* Frameworks */ = {
			isa = PBXFrameworksBuildPhase;
			buildActionMask = 2147483647;
			files = (
			);
			runOnlyForDeploymentPostprocessing = 0;
		};
/* End PBXFrameworksBuildPhase section */

/* Begin PBXGroup section */
		B0162CD5295E8B4F00BE6C96 = {
			isa = PBXGroup;
			children = (
				B0162CE0295E8B4F00BE6C96 /* RickAndMorty */,
				B0162CF7295E8B5100BE6C96 /* RickAndMortyTests */,
				B0162D01295E8B5100BE6C96 /* RickAndMortyUITests */,
				B0162CDF295E8B4F00BE6C96 /* Products */,
			);
			sourceTree = "<group>";
		};
		B0162CDF295E8B4F00BE6C96 /* Products */ = {
			isa = PBXGroup;
			children = (
				B0162CDE295E8B4F00BE6C96 /* RickAndMorty.app */,
				B0162CF4295E8B5100BE6C96 /* RickAndMortyTests.xctest */,
				B0162CFE295E8B5100BE6C96 /* RickAndMortyUITests.xctest */,
			);
			name = Products;
			sourceTree = "<group>";
		};
		B0162CE0295E8B4F00BE6C96 /* RickAndMorty */ = {
			isa = PBXGroup;
			children = (
				B0CFB890295EEE0D004AF205 /* ViewModel */,
				B0CFB88F295EEE01004AF205 /* View */,
				B03F1BB0295EA13B008B77E8 /* Model */,
				B03F1BA9295E9131008B77E8 /* Network */,
				B0162CE1295E8B4F00BE6C96 /* AppDelegate.swift */,
				B0162CE3295E8B4F00BE6C96 /* SceneDelegate.swift */,
				B0162CEA295E8B5100BE6C96 /* Assets.xcassets */,
				B0162CEC295E8B5100BE6C96 /* LaunchScreen.storyboard */,
				B0162CEF295E8B5100BE6C96 /* Info.plist */,
				B0F0B97D2962C16C00DEFC18 /* Extension.swift */,
			);
			path = RickAndMorty;
			sourceTree = "<group>";
		};
		B0162CF7295E8B5100BE6C96 /* RickAndMortyTests */ = {
			isa = PBXGroup;
			children = (
				B0162CF8295E8B5100BE6C96 /* RickAndMortyTests.swift */,
				B03F1BAC295E9E90008B77E8 /* CharacterServiceTests.swift */,
				B0CFB895295EFC6D004AF205 /* CharacterViewModelTests.swift */,
			);
			path = RickAndMortyTests;
			sourceTree = "<group>";
		};
		B0162D01295E8B5100BE6C96 /* RickAndMortyUITests */ = {
			isa = PBXGroup;
			children = (
				B0162D02295E8B5100BE6C96 /* RickAndMortyUITests.swift */,
				B0162D04295E8B5100BE6C96 /* RickAndMortyUITestsLaunchTests.swift */,
			);
			path = RickAndMortyUITests;
			sourceTree = "<group>";
		};
		B03F1BA9295E9131008B77E8 /* Network */ = {
			isa = PBXGroup;
			children = (
				B03F1BAA295E91FE008B77E8 /* CharacterService.swift */,
				B03F1BAE295EA030008B77E8 /* BaseService.swift */,
				B03F1BB7295EB466008B77E8 /* URLSessionRequest.swift */,
				B0F0B9792962B66D00DEFC18 /* LocationService.swift */,
			);
			path = Network;
			sourceTree = "<group>";
		};
		B03F1BB0295EA13B008B77E8 /* Model */ = {
			isa = PBXGroup;
			children = (
				B0F0B9722962B53D00DEFC18 /* Location */,
				B0F0B9692962B2A500DEFC18 /* Character */,
				B03F1BB4295EA17E008B77E8 /* Common.swift */,
				B03F1BB9295EBE6C008B77E8 /* Info.swift */,
			);
			path = Model;
			sourceTree = "<group>";
		};
		B0CFB88F295EEE01004AF205 /* View */ = {
			isa = PBXGroup;
			children = (
				B0F0B96C2962B3F400DEFC18 /* Location */,
				B0F0B96A2962B2B800DEFC18 /* Character */,
				B0162CE7295E8B4F00BE6C96 /* Main.storyboard */,
				B0F0B9672962A15500DEFC18 /* TableCell.swift */,
			);
			path = View;
			sourceTree = "<group>";
		};
		B0CFB890295EEE0D004AF205 /* ViewModel */ = {
			isa = PBXGroup;
			children = (
				B0F0B96F2962B47200DEFC18 /* Location */,
				B0F0B96B2962B2CC00DEFC18 /* Character */,
			);
			path = ViewModel;
			sourceTree = "<group>";
		};
		B0F0B9692962B2A500DEFC18 /* Character */ = {
			isa = PBXGroup;
			children = (
				B03F1BB1295EA149008B77E8 /* Character.swift */,
				B0CFB893295EF1C3004AF205 /* CharacterModel.swift */,
				B0F0B965296286BE00DEFC18 /* CharacterDetail.swift */,
			);
			path = Character;
			sourceTree = "<group>";
		};
		B0F0B96A2962B2B800DEFC18 /* Character */ = {
			isa = PBXGroup;
			children = (
				B0162CE5295E8B4F00BE6C96 /* ViewController.swift */,
				B0CFB88D295EE1D9004AF205 /* CharacterCell.swift */,
				B0504A0529616EE200FC203E /* FilterViewViewController.swift */,
				B0F0B9612961BA6200DEFC18 /* FilterCell.swift */,
				B0F0B96329627FCE00DEFC18 /* CharacterDetailsViewController.swift */,
			);
			path = Character;
			sourceTree = "<group>";
		};
		B0F0B96B2962B2CC00DEFC18 /* Character */ = {
			isa = PBXGroup;
			children = (
				B0CFB891295EF152004AF205 /* CharacterViewModel.swift */,
				B0F0B9592961899600DEFC18 /* CharacterFilterViewModel.swift */,
			);
			path = Character;
			sourceTree = "<group>";
		};
		B0F0B96C2962B3F400DEFC18 /* Location */ = {
			isa = PBXGroup;
			children = (
				B0F0B96D2962B40300DEFC18 /* LocationViewController.swift */,
				B0F0B97B2962B95A00DEFC18 /* LocationCell.swift */,
			);
			path = Location;
			sourceTree = "<group>";
		};
		B0F0B96F2962B47200DEFC18 /* Location */ = {
			isa = PBXGroup;
			children = (
				B0F0B9702962B48600DEFC18 /* LocationViewModel.swift */,
			);
			path = Location;
			sourceTree = "<group>";
		};
		B0F0B9722962B53D00DEFC18 /* Location */ = {
			isa = PBXGroup;
			children = (
				B0F0B9732962B54900DEFC18 /* Location.swift */,
				B0F0B9752962B5DC00DEFC18 /* LocationModel.swift */,
				B0F0B9772962B61800DEFC18 /* LocationDetail.swift */,
			);
			path = Location;
			sourceTree = "<group>";
		};
/* End PBXGroup section */

/* Begin PBXNativeTarget section */
		B0162CDD295E8B4F00BE6C96 /* RickAndMorty */ = {
			isa = PBXNativeTarget;
			buildConfigurationList = B0162D08295E8B5100BE6C96 /* Build configuration list for PBXNativeTarget "RickAndMorty" */;
			buildPhases = (
				B0162CDA295E8B4F00BE6C96 /* Sources */,
				B0162CDB295E8B4F00BE6C96 /* Frameworks */,
				B0162CDC295E8B4F00BE6C96 /* Resources */,
			);
			buildRules = (
			);
			dependencies = (
			);
			name = RickAndMorty;
			productName = RickAndMorty;
			productReference = B0162CDE295E8B4F00BE6C96 /* RickAndMorty.app */;
			productType = "com.apple.product-type.application";
		};
		B0162CF3295E8B5100BE6C96 /* RickAndMortyTests */ = {
			isa = PBXNativeTarget;
			buildConfigurationList = B0162D0B295E8B5100BE6C96 /* Build configuration list for PBXNativeTarget "RickAndMortyTests" */;
			buildPhases = (
				B0162CF0295E8B5100BE6C96 /* Sources */,
				B0162CF1295E8B5100BE6C96 /* Frameworks */,
				B0162CF2295E8B5100BE6C96 /* Resources */,
			);
			buildRules = (
			);
			dependencies = (
				B0162CF6295E8B5100BE6C96 /* PBXTargetDependency */,
			);
			name = RickAndMortyTests;
			productName = RickAndMortyTests;
			productReference = B0162CF4295E8B5100BE6C96 /* RickAndMortyTests.xctest */;
			productType = "com.apple.product-type.bundle.unit-test";
		};
		B0162CFD295E8B5100BE6C96 /* RickAndMortyUITests */ = {
			isa = PBXNativeTarget;
			buildConfigurationList = B0162D0E295E8B5100BE6C96 /* Build configuration list for PBXNativeTarget "RickAndMortyUITests" */;
			buildPhases = (
				B0162CFA295E8B5100BE6C96 /* Sources */,
				B0162CFB295E8B5100BE6C96 /* Frameworks */,
				B0162CFC295E8B5100BE6C96 /* Resources */,
			);
			buildRules = (
			);
			dependencies = (
				B0162D00295E8B5100BE6C96 /* PBXTargetDependency */,
			);
			name = RickAndMortyUITests;
			productName = RickAndMortyUITests;
			productReference = B0162CFE295E8B5100BE6C96 /* RickAndMortyUITests.xctest */;
			productType = "com.apple.product-type.bundle.ui-testing";
		};
/* End PBXNativeTarget section */

/* Begin PBXProject section */
		B0162CD6295E8B4F00BE6C96 /* Project object */ = {
			isa = PBXProject;
			attributes = {
				BuildIndependentTargetsInParallel = 1;
				LastSwiftUpdateCheck = 1340;
				LastUpgradeCheck = 1340;
				TargetAttributes = {
					B0162CDD295E8B4F00BE6C96 = {
						CreatedOnToolsVersion = 13.4;
					};
					B0162CF3295E8B5100BE6C96 = {
						CreatedOnToolsVersion = 13.4;
						TestTargetID = B0162CDD295E8B4F00BE6C96;
					};
					B0162CFD295E8B5100BE6C96 = {
						CreatedOnToolsVersion = 13.4;
						TestTargetID = B0162CDD295E8B4F00BE6C96;
					};
				};
			};
			buildConfigurationList = B0162CD9295E8B4F00BE6C96 /* Build configuration list for PBXProject "RickAndMorty" */;
			compatibilityVersion = "Xcode 13.0";
			developmentRegion = en;
			hasScannedForEncodings = 0;
			knownRegions = (
				en,
				Base,
			);
			mainGroup = B0162CD5295E8B4F00BE6C96;
			productRefGroup = B0162CDF295E8B4F00BE6C96 /* Products */;
			projectDirPath = "";
			projectRoot = "";
			targets = (
				B0162CDD295E8B4F00BE6C96 /* RickAndMorty */,
				B0162CF3295E8B5100BE6C96 /* RickAndMortyTests */,
				B0162CFD295E8B5100BE6C96 /* RickAndMortyUITests */,
			);
		};
/* End PBXProject section */

/* Begin PBXResourcesBuildPhase section */
		B0162CDC295E8B4F00BE6C96 /* Resources */ = {
			isa = PBXResourcesBuildPhase;
			buildActionMask = 2147483647;
			files = (
				B0162CEE295E8B5100BE6C96 /* LaunchScreen.storyboard in Resources */,
				B0162CEB295E8B5100BE6C96 /* Assets.xcassets in Resources */,
				B0162CE9295E8B4F00BE6C96 /* Main.storyboard in Resources */,
			);
			runOnlyForDeploymentPostprocessing = 0;
		};
		B0162CF2295E8B5100BE6C96 /* Resources */ = {
			isa = PBXResourcesBuildPhase;
			buildActionMask = 2147483647;
			files = (
			);
			runOnlyForDeploymentPostprocessing = 0;
		};
		B0162CFC295E8B5100BE6C96 /* Resources */ = {
			isa = PBXResourcesBuildPhase;
			buildActionMask = 2147483647;
			files = (
			);
			runOnlyForDeploymentPostprocessing = 0;
		};
/* End PBXResourcesBuildPhase section */

/* Begin PBXSourcesBuildPhase section */
		B0162CDA295E8B4F00BE6C96 /* Sources */ = {
			isa = PBXSourcesBuildPhase;
			buildActionMask = 2147483647;
			files = (
				B0F0B9782962B61800DEFC18 /* LocationDetail.swift in Sources */,
				B0F0B9682962A15500DEFC18 /* TableCell.swift in Sources */,
				B0162CE6295E8B4F00BE6C96 /* ViewController.swift in Sources */,
				B0F0B966296286BE00DEFC18 /* CharacterDetail.swift in Sources */,
				B0F0B9712962B48600DEFC18 /* LocationViewModel.swift in Sources */,
				B0F0B96429627FCE00DEFC18 /* CharacterDetailsViewController.swift in Sources */,
				B0162CE2295E8B4F00BE6C96 /* AppDelegate.swift in Sources */,
				B03F1BB8295EB466008B77E8 /* URLSessionRequest.swift in Sources */,
				B03F1BBA295EBE6C008B77E8 /* Info.swift in Sources */,
				B0F0B97E2962C16C00DEFC18 /* Extension.swift in Sources */,
				B0F0B96E2962B40300DEFC18 /* LocationViewController.swift in Sources */,
				B0F0B97A2962B66D00DEFC18 /* LocationService.swift in Sources */,
				B0F0B9622961BA6200DEFC18 /* FilterCell.swift in Sources */,
				B0CFB894295EF1C3004AF205 /* CharacterModel.swift in Sources */,
				B0162CE4295E8B4F00BE6C96 /* SceneDelegate.swift in Sources */,
				B0F0B95A2961899600DEFC18 /* CharacterFilterViewModel.swift in Sources */,
				B0F0B9742962B54900DEFC18 /* Location.swift in Sources */,
				B0504A0629616EE200FC203E /* FilterViewViewController.swift in Sources */,
				B0CFB88E295EE1D9004AF205 /* CharacterCell.swift in Sources */,
				B0F0B9762962B5DC00DEFC18 /* LocationModel.swift in Sources */,
				B0CFB892295EF152004AF205 /* CharacterViewModel.swift in Sources */,
				B03F1BB2295EA149008B77E8 /* Character.swift in Sources */,
				B0F0B97C2962B95A00DEFC18 /* LocationCell.swift in Sources */,
				B03F1BAF295EA030008B77E8 /* BaseService.swift in Sources */,
				B03F1BAB295E91FE008B77E8 /* CharacterService.swift in Sources */,
				B03F1BB5295EA17E008B77E8 /* Common.swift in Sources */,
			);
			runOnlyForDeploymentPostprocessing = 0;
		};
		B0162CF0295E8B5100BE6C96 /* Sources */ = {
			isa = PBXSourcesBuildPhase;
			buildActionMask = 2147483647;
			files = (
				B0162CF9295E8B5100BE6C96 /* RickAndMortyTests.swift in Sources */,
				B03F1BAD295E9E90008B77E8 /* CharacterServiceTests.swift in Sources */,
				B0CFB896295EFC6D004AF205 /* CharacterViewModelTests.swift in Sources */,
			);
			runOnlyForDeploymentPostprocessing = 0;
		};
		B0162CFA295E8B5100BE6C96 /* Sources */ = {
			isa = PBXSourcesBuildPhase;
			buildActionMask = 2147483647;
			files = (
				B0162D03295E8B5100BE6C96 /* RickAndMortyUITests.swift in Sources */,
				B0162D05295E8B5100BE6C96 /* RickAndMortyUITestsLaunchTests.swift in Sources */,
			);
			runOnlyForDeploymentPostprocessing = 0;
		};
/* End PBXSourcesBuildPhase section */

/* Begin PBXTargetDependency section */
		B0162CF6295E8B5100BE6C96 /* PBXTargetDependency */ = {
			isa = PBXTargetDependency;
			target = B0162CDD295E8B4F00BE6C96 /* RickAndMorty */;
			targetProxy = B0162CF5295E8B5100BE6C96 /* PBXContainerItemProxy */;
		};
		B0162D00295E8B5100BE6C96 /* PBXTargetDependency */ = {
			isa = PBXTargetDependency;
			target = B0162CDD295E8B4F00BE6C96 /* RickAndMorty */;
			targetProxy = B0162CFF295E8B5100BE6C96 /* PBXContainerItemProxy */;
		};
/* End PBXTargetDependency section */

/* Begin PBXVariantGroup section */
		B0162CE7295E8B4F00BE6C96 /* Main.storyboard */ = {
			isa = PBXVariantGroup;
			children = (
				B0162CE8295E8B4F00BE6C96 /* Base */,
			);
			name = Main.storyboard;
			sourceTree = "<group>";
		};
		B0162CEC295E8B5100BE6C96 /* LaunchScreen.storyboard */ = {
			isa = PBXVariantGroup;
			children = (
				B0162CED295E8B5100BE6C96 /* Base */,
			);
			name = LaunchScreen.storyboard;
			sourceTree = "<group>";
		};
/* End PBXVariantGroup section */

/* Begin XCBuildConfiguration section */
		B0162D06295E8B5100BE6C96 /* Debug */ = {
			isa = XCBuildConfiguration;
			buildSettings = {
				ALWAYS_SEARCH_USER_PATHS = NO;
				CLANG_ANALYZER_NONNULL = YES;
				CLANG_ANALYZER_NUMBER_OBJECT_CONVERSION = YES_AGGRESSIVE;
				CLANG_CXX_LANGUAGE_STANDARD = "gnu++17";
				CLANG_ENABLE_MODULES = YES;
				CLANG_ENABLE_OBJC_ARC = YES;
				CLANG_ENABLE_OBJC_WEAK = YES;
				CLANG_WARN_BLOCK_CAPTURE_AUTORELEASING = YES;
				CLANG_WARN_BOOL_CONVERSION = YES;
				CLANG_WARN_COMMA = YES;
				CLANG_WARN_CONSTANT_CONVERSION = YES;
				CLANG_WARN_DEPRECATED_OBJC_IMPLEMENTATIONS = YES;
				CLANG_WARN_DIRECT_OBJC_ISA_USAGE = YES_ERROR;
				CLANG_WARN_DOCUMENTATION_COMMENTS = YES;
				CLANG_WARN_EMPTY_BODY = YES;
				CLANG_WARN_ENUM_CONVERSION = YES;
				CLANG_WARN_INFINITE_RECURSION = YES;
				CLANG_WARN_INT_CONVERSION = YES;
				CLANG_WARN_NON_LITERAL_NULL_CONVERSION = YES;
				CLANG_WARN_OBJC_IMPLICIT_RETAIN_SELF = YES;
				CLANG_WARN_OBJC_LITERAL_CONVERSION = YES;
				CLANG_WARN_OBJC_ROOT_CLASS = YES_ERROR;
				CLANG_WARN_QUOTED_INCLUDE_IN_FRAMEWORK_HEADER = YES;
				CLANG_WARN_RANGE_LOOP_ANALYSIS = YES;
				CLANG_WARN_STRICT_PROTOTYPES = YES;
				CLANG_WARN_SUSPICIOUS_MOVE = YES;
				CLANG_WARN_UNGUARDED_AVAILABILITY = YES_AGGRESSIVE;
				CLANG_WARN_UNREACHABLE_CODE = YES;
				CLANG_WARN__DUPLICATE_METHOD_MATCH = YES;
				COPY_PHASE_STRIP = NO;
				DEBUG_INFORMATION_FORMAT = dwarf;
				ENABLE_STRICT_OBJC_MSGSEND = YES;
				ENABLE_TESTABILITY = YES;
				GCC_C_LANGUAGE_STANDARD = gnu11;
				GCC_DYNAMIC_NO_PIC = NO;
				GCC_NO_COMMON_BLOCKS = YES;
				GCC_OPTIMIZATION_LEVEL = 0;
				GCC_PREPROCESSOR_DEFINITIONS = (
					"DEBUG=1",
					"$(inherited)",
				);
				GCC_WARN_64_TO_32_BIT_CONVERSION = YES;
				GCC_WARN_ABOUT_RETURN_TYPE = YES_ERROR;
				GCC_WARN_UNDECLARED_SELECTOR = YES;
				GCC_WARN_UNINITIALIZED_AUTOS = YES_AGGRESSIVE;
				GCC_WARN_UNUSED_FUNCTION = YES;
				GCC_WARN_UNUSED_VARIABLE = YES;
				IPHONEOS_DEPLOYMENT_TARGET = 15.5;
				MTL_ENABLE_DEBUG_INFO = INCLUDE_SOURCE;
				MTL_FAST_MATH = YES;
				ONLY_ACTIVE_ARCH = YES;
				SDKROOT = iphoneos;
				SWIFT_ACTIVE_COMPILATION_CONDITIONS = DEBUG;
				SWIFT_OPTIMIZATION_LEVEL = "-Onone";
			};
			name = Debug;
		};
		B0162D07295E8B5100BE6C96 /* Release */ = {
			isa = XCBuildConfiguration;
			buildSettings = {
				ALWAYS_SEARCH_USER_PATHS = NO;
				CLANG_ANALYZER_NONNULL = YES;
				CLANG_ANALYZER_NUMBER_OBJECT_CONVERSION = YES_AGGRESSIVE;
				CLANG_CXX_LANGUAGE_STANDARD = "gnu++17";
				CLANG_ENABLE_MODULES = YES;
				CLANG_ENABLE_OBJC_ARC = YES;
				CLANG_ENABLE_OBJC_WEAK = YES;
				CLANG_WARN_BLOCK_CAPTURE_AUTORELEASING = YES;
				CLANG_WARN_BOOL_CONVERSION = YES;
				CLANG_WARN_COMMA = YES;
				CLANG_WARN_CONSTANT_CONVERSION = YES;
				CLANG_WARN_DEPRECATED_OBJC_IMPLEMENTATIONS = YES;
				CLANG_WARN_DIRECT_OBJC_ISA_USAGE = YES_ERROR;
				CLANG_WARN_DOCUMENTATION_COMMENTS = YES;
				CLANG_WARN_EMPTY_BODY = YES;
				CLANG_WARN_ENUM_CONVERSION = YES;
				CLANG_WARN_INFINITE_RECURSION = YES;
				CLANG_WARN_INT_CONVERSION = YES;
				CLANG_WARN_NON_LITERAL_NULL_CONVERSION = YES;
				CLANG_WARN_OBJC_IMPLICIT_RETAIN_SELF = YES;
				CLANG_WARN_OBJC_LITERAL_CONVERSION = YES;
				CLANG_WARN_OBJC_ROOT_CLASS = YES_ERROR;
				CLANG_WARN_QUOTED_INCLUDE_IN_FRAMEWORK_HEADER = YES;
				CLANG_WARN_RANGE_LOOP_ANALYSIS = YES;
				CLANG_WARN_STRICT_PROTOTYPES = YES;
				CLANG_WARN_SUSPICIOUS_MOVE = YES;
				CLANG_WARN_UNGUARDED_AVAILABILITY = YES_AGGRESSIVE;
				CLANG_WARN_UNREACHABLE_CODE = YES;
				CLANG_WARN__DUPLICATE_METHOD_MATCH = YES;
				COPY_PHASE_STRIP = NO;
				DEBUG_INFORMATION_FORMAT = "dwarf-with-dsym";
				ENABLE_NS_ASSERTIONS = NO;
				ENABLE_STRICT_OBJC_MSGSEND = YES;
				GCC_C_LANGUAGE_STANDARD = gnu11;
				GCC_NO_COMMON_BLOCKS = YES;
				GCC_WARN_64_TO_32_BIT_CONVERSION = YES;
				GCC_WARN_ABOUT_RETURN_TYPE = YES_ERROR;
				GCC_WARN_UNDECLARED_SELECTOR = YES;
				GCC_WARN_UNINITIALIZED_AUTOS = YES_AGGRESSIVE;
				GCC_WARN_UNUSED_FUNCTION = YES;
				GCC_WARN_UNUSED_VARIABLE = YES;
				IPHONEOS_DEPLOYMENT_TARGET = 15.5;
				MTL_ENABLE_DEBUG_INFO = NO;
				MTL_FAST_MATH = YES;
				SDKROOT = iphoneos;
				SWIFT_COMPILATION_MODE = wholemodule;
				SWIFT_OPTIMIZATION_LEVEL = "-O";
				VALIDATE_PRODUCT = YES;
			};
			name = Release;
		};
		B0162D09295E8B5100BE6C96 /* Debug */ = {
			isa = XCBuildConfiguration;
			buildSettings = {
				ASSETCATALOG_COMPILER_APPICON_NAME = AppIcon;
				ASSETCATALOG_COMPILER_GLOBAL_ACCENT_COLOR_NAME = AccentColor;
				CODE_SIGN_STYLE = Automatic;
				CURRENT_PROJECT_VERSION = 1;
				GENERATE_INFOPLIST_FILE = YES;
				INFOPLIST_FILE = RickAndMorty/Info.plist;
				INFOPLIST_KEY_UIApplicationSupportsIndirectInputEvents = YES;
				INFOPLIST_KEY_UILaunchStoryboardName = LaunchScreen;
				INFOPLIST_KEY_UIMainStoryboardFile = Main;
				INFOPLIST_KEY_UISupportedInterfaceOrientations_iPad = "UIInterfaceOrientationPortrait UIInterfaceOrientationPortraitUpsideDown UIInterfaceOrientationLandscapeLeft UIInterfaceOrientationLandscapeRight";
				INFOPLIST_KEY_UISupportedInterfaceOrientations_iPhone = "UIInterfaceOrientationPortrait UIInterfaceOrientationLandscapeLeft UIInterfaceOrientationLandscapeRight";
				LD_RUNPATH_SEARCH_PATHS = (
					"$(inherited)",
					"@executable_path/Frameworks",
				);
				MARKETING_VERSION = 1.0;
				PRODUCT_BUNDLE_IDENTIFIER = com.denny.RickAndMorty;
				PRODUCT_NAME = "$(TARGET_NAME)";
				SWIFT_EMIT_LOC_STRINGS = YES;
				SWIFT_VERSION = 5.0;
				TARGETED_DEVICE_FAMILY = "1,2";
			};
			name = Debug;
		};
		B0162D0A295E8B5100BE6C96 /* Release */ = {
			isa = XCBuildConfiguration;
			buildSettings = {
				ASSETCATALOG_COMPILER_APPICON_NAME = AppIcon;
				ASSETCATALOG_COMPILER_GLOBAL_ACCENT_COLOR_NAME = AccentColor;
				CODE_SIGN_STYLE = Automatic;
				CURRENT_PROJECT_VERSION = 1;
				GENERATE_INFOPLIST_FILE = YES;
				INFOPLIST_FILE = RickAndMorty/Info.plist;
				INFOPLIST_KEY_UIApplicationSupportsIndirectInputEvents = YES;
				INFOPLIST_KEY_UILaunchStoryboardName = LaunchScreen;
				INFOPLIST_KEY_UIMainStoryboardFile = Main;
				INFOPLIST_KEY_UISupportedInterfaceOrientations_iPad = "UIInterfaceOrientationPortrait UIInterfaceOrientationPortraitUpsideDown UIInterfaceOrientationLandscapeLeft UIInterfaceOrientationLandscapeRight";
				INFOPLIST_KEY_UISupportedInterfaceOrientations_iPhone = "UIInterfaceOrientationPortrait UIInterfaceOrientationLandscapeLeft UIInterfaceOrientationLandscapeRight";
				LD_RUNPATH_SEARCH_PATHS = (
					"$(inherited)",
					"@executable_path/Frameworks",
				);
				MARKETING_VERSION = 1.0;
				PRODUCT_BUNDLE_IDENTIFIER = com.denny.RickAndMorty;
				PRODUCT_NAME = "$(TARGET_NAME)";
				SWIFT_EMIT_LOC_STRINGS = YES;
				SWIFT_VERSION = 5.0;
				TARGETED_DEVICE_FAMILY = "1,2";
			};
			name = Release;
		};
		B0162D0C295E8B5100BE6C96 /* Debug */ = {
			isa = XCBuildConfiguration;
			buildSettings = {
				ALWAYS_EMBED_SWIFT_STANDARD_LIBRARIES = YES;
				BUNDLE_LOADER = "$(TEST_HOST)";
				CODE_SIGN_STYLE = Automatic;
				CURRENT_PROJECT_VERSION = 1;
				GENERATE_INFOPLIST_FILE = YES;
				IPHONEOS_DEPLOYMENT_TARGET = 15.5;
				MARKETING_VERSION = 1.0;
				PRODUCT_BUNDLE_IDENTIFIER = com.denny.RickAndMortyTests;
				PRODUCT_NAME = "$(TARGET_NAME)";
				SWIFT_EMIT_LOC_STRINGS = NO;
				SWIFT_VERSION = 5.0;
				TARGETED_DEVICE_FAMILY = "1,2";
				TEST_HOST = "$(BUILT_PRODUCTS_DIR)/RickAndMorty.app/RickAndMorty";
			};
			name = Debug;
		};
		B0162D0D295E8B5100BE6C96 /* Release */ = {
			isa = XCBuildConfiguration;
			buildSettings = {
				ALWAYS_EMBED_SWIFT_STANDARD_LIBRARIES = YES;
				BUNDLE_LOADER = "$(TEST_HOST)";
				CODE_SIGN_STYLE = Automatic;
				CURRENT_PROJECT_VERSION = 1;
				GENERATE_INFOPLIST_FILE = YES;
				IPHONEOS_DEPLOYMENT_TARGET = 15.5;
				MARKETING_VERSION = 1.0;
				PRODUCT_BUNDLE_IDENTIFIER = com.denny.RickAndMortyTests;
				PRODUCT_NAME = "$(TARGET_NAME)";
				SWIFT_EMIT_LOC_STRINGS = NO;
				SWIFT_VERSION = 5.0;
				TARGETED_DEVICE_FAMILY = "1,2";
				TEST_HOST = "$(BUILT_PRODUCTS_DIR)/RickAndMorty.app/RickAndMorty";
			};
			name = Release;
		};
		B0162D0F295E8B5100BE6C96 /* Debug */ = {
			isa = XCBuildConfiguration;
			buildSettings = {
				ALWAYS_EMBED_SWIFT_STANDARD_LIBRARIES = YES;
				CODE_SIGN_STYLE = Automatic;
				CURRENT_PROJECT_VERSION = 1;
				GENERATE_INFOPLIST_FILE = YES;
				MARKETING_VERSION = 1.0;
				PRODUCT_BUNDLE_IDENTIFIER = com.denny.RickAndMortyUITests;
				PRODUCT_NAME = "$(TARGET_NAME)";
				SWIFT_EMIT_LOC_STRINGS = NO;
				SWIFT_VERSION = 5.0;
				TARGETED_DEVICE_FAMILY = "1,2";
				TEST_TARGET_NAME = RickAndMorty;
			};
			name = Debug;
		};
		B0162D10295E8B5100BE6C96 /* Release */ = {
			isa = XCBuildConfiguration;
			buildSettings = {
				ALWAYS_EMBED_SWIFT_STANDARD_LIBRARIES = YES;
				CODE_SIGN_STYLE = Automatic;
				CURRENT_PROJECT_VERSION = 1;
				GENERATE_INFOPLIST_FILE = YES;
				MARKETING_VERSION = 1.0;
				PRODUCT_BUNDLE_IDENTIFIER = com.denny.RickAndMortyUITests;
				PRODUCT_NAME = "$(TARGET_NAME)";
				SWIFT_EMIT_LOC_STRINGS = NO;
				SWIFT_VERSION = 5.0;
				TARGETED_DEVICE_FAMILY = "1,2";
				TEST_TARGET_NAME = RickAndMorty;
			};
			name = Release;
		};
/* End XCBuildConfiguration section */

/* Begin XCConfigurationList section */
		B0162CD9295E8B4F00BE6C96 /* Build configuration list for PBXProject "RickAndMorty" */ = {
			isa = XCConfigurationList;
			buildConfigurations = (
				B0162D06295E8B5100BE6C96 /* Debug */,
				B0162D07295E8B5100BE6C96 /* Release */,
			);
			defaultConfigurationIsVisible = 0;
			defaultConfigurationName = Release;
		};
		B0162D08295E8B5100BE6C96 /* Build configuration list for PBXNativeTarget "RickAndMorty" */ = {
			isa = XCConfigurationList;
			buildConfigurations = (
				B0162D09295E8B5100BE6C96 /* Debug */,
				B0162D0A295E8B5100BE6C96 /* Release */,
			);
			defaultConfigurationIsVisible = 0;
			defaultConfigurationName = Release;
		};
		B0162D0B295E8B5100BE6C96 /* Build configuration list for PBXNativeTarget "RickAndMortyTests" */ = {
			isa = XCConfigurationList;
			buildConfigurations = (
				B0162D0C295E8B5100BE6C96 /* Debug */,
				B0162D0D295E8B5100BE6C96 /* Release */,
			);
			defaultConfigurationIsVisible = 0;
			defaultConfigurationName = Release;
		};
		B0162D0E295E8B5100BE6C96 /* Build configuration list for PBXNativeTarget "RickAndMortyUITests" */ = {
			isa = XCConfigurationList;
			buildConfigurations = (
				B0162D0F295E8B5100BE6C96 /* Debug */,
				B0162D10295E8B5100BE6C96 /* Release */,
			);
			defaultConfigurationIsVisible = 0;
			defaultConfigurationName = Release;
		};
/* End XCConfigurationList section */
	};
	rootObject = B0162CD6295E8B4F00BE6C96 /* Project object */;
}
